
Microsoft Visual Studio Solution File, Format Version 12.00
# Visual Studio 15
VisualStudioVersion = 15.0.28307.329
MinimumVisualStudioVersion = 10.0.40219.1
Project("{9A19103F-16F7-4668-BE54-9A1E7A4F7556}") = "PestApp", "PestApp\PestApp.csproj", "{746F5C2E-EE69-440A-A9F8-133478B18C5E}"
EndProject
Project("{9A19103F-16F7-4668-BE54-9A1E7A4F7556}") = "DataLibrary", "DataLibrary\DataLibrary.csproj", "{F5FEBCA8-9E8A-4F2D-B46A-2F33E159F56D}"
EndProject
Project("{9A19103F-16F7-4668-BE54-9A1E7A4F7556}") = "Logic", "Logic\Logic.csproj", "{96A33862-BA0A-40A4-A834-D4B32FE733E8}"
EndProject
Project("{9A19103F-16F7-4668-BE54-9A1E7A4F7556}") = "Enums", "Enums\Enums.csproj", "{99470C2F-36A6-49E3-806F-6DCF84D84140}"
EndProject
Project("{9A19103F-16F7-4668-BE54-9A1E7A4F7556}") = "Interfaces", "Interfaces\Interfaces.csproj", "{DCDC3633-CC3F-4802-8174-643A0E95D7B4}"
EndProject
Global
	GlobalSection(SolutionConfigurationPlatforms) = preSolution
		Debug|Any CPU = Debug|Any CPU
		Release|Any CPU = Release|Any CPU
	EndGlobalSection
	GlobalSection(ProjectConfigurationPlatforms) = postSolution
		{746F5C2E-EE69-440A-A9F8-133478B18C5E}.Debug|Any CPU.ActiveCfg = Debug|Any CPU
		{746F5C2E-EE69-440A-A9F8-133478B18C5E}.Debug|Any CPU.Build.0 = Debug|Any CPU
		{746F5C2E-EE69-440A-A9F8-133478B18C5E}.Release|Any CPU.ActiveCfg = Release|Any CPU
		{746F5C2E-EE69-440A-A9F8-133478B18C5E}.Release|Any CPU.Build.0 = Release|Any CPU
		{F5FEBCA8-9E8A-4F2D-B46A-2F33E159F56D}.Debug|Any CPU.ActiveCfg = Debug|Any CPU
		{F5FEBCA8-9E8A-4F2D-B46A-2F33E159F56D}.Debug|Any CPU.Build.0 = Debug|Any CPU
		{F5FEBCA8-9E8A-4F2D-B46A-2F33E159F56D}.Release|Any CPU.ActiveCfg = Release|Any CPU
		{F5FEBCA8-9E8A-4F2D-B46A-2F33E159F56D}.Release|Any CPU.Build.0 = Release|Any CPU
		{96A33862-BA0A-40A4-A834-D4B32FE733E8}.Debug|Any CPU.ActiveCfg = Debug|Any CPU
		{96A33862-BA0A-40A4-A834-D4B32FE733E8}.Debug|Any CPU.Build.0 = Debug|Any CPU
		{96A33862-BA0A-40A4-A834-D4B32FE733E8}.Release|Any CPU.ActiveCfg = Release|Any CPU
		{96A33862-BA0A-40A4-A834-D4B32FE733E8}.Release|Any CPU.Build.0 = Release|Any CPU
		{99470C2F-36A6-49E3-806F-6DCF84D84140}.Debug|Any CPU.ActiveCfg = Debug|Any CPU
		{99470C2F-36A6-49E3-806F-6DCF84D84140}.Debug|Any CPU.Build.0 = Debug|Any CPU
		{99470C2F-36A6-49E3-806F-6DCF84D84140}.Release|Any CPU.ActiveCfg = Release|Any CPU
		{99470C2F-36A6-49E3-806F-6DCF84D84140}.Release|Any CPU.Build.0 = Release|Any CPU
		{DCDC3633-CC3F-4802-8174-643A0E95D7B4}.Debug|Any CPU.ActiveCfg = Debug|Any CPU
		{DCDC3633-CC3F-4802-8174-643A0E95D7B4}.Debug|Any CPU.Build.0 = Debug|Any CPU
		{DCDC3633-CC3F-4802-8174-643A0E95D7B4}.Release|Any CPU.ActiveCfg = Release|Any CPU
		{DCDC3633-CC3F-4802-8174-643A0E95D7B4}.Release|Any CPU.Build.0 = Release|Any CPU
	EndGlobalSection
	GlobalSection(SolutionProperties) = preSolution
		HideSolutionNode = FALSE
	EndGlobalSection
	GlobalSection(ExtensibilityGlobals) = postSolution
		SolutionGuid = {56FC2009-4DE0-4A93-8555-9188726B9DB4}
	EndGlobalSection
EndGlobal
